
Microsoft Visual Studio Solution File, Format Version 12.00
# Visual Studio Version 16
VisualStudioVersion = 16.0.32929.386
MinimumVisualStudioVersion = 10.0.40219.1
Project("{FAE04EC0-301F-11D3-BF4B-00C04F79EFBC}") = "CalculatorWinForms", "CalculatorWinForms\CalculatorWinForms.csproj", "{97AFF1AB-19F3-4F91-8CCC-18BCCC9050B5}"
EndProject
Project("{FAE04EC0-301F-11D3-BF4B-00C04F79EFBC}") = "UnitTests", "UnitTests\UnitTests.csproj", "{2AA3F38D-92E5-4045-A7FB-80706362BBD2}"
EndProject
Project("{FAE04EC0-301F-11D3-BF4B-00C04F79EFBC}") = "Logic", "Logic\Logic.csproj", "{8756C95C-AAF6-4DEF-A660-7177F3D3D57C}"
EndProject
Global
	GlobalSection(SolutionConfigurationPlatforms) = preSolution
		Debug|Any CPU = Debug|Any CPU
		Release|Any CPU = Release|Any CPU
	EndGlobalSection
	GlobalSection(ProjectConfigurationPlatforms) = postSolution
		{97AFF1AB-19F3-4F91-8CCC-18BCCC9050B5}.Debug|Any CPU.ActiveCfg = Debug|Any CPU
		{97AFF1AB-19F3-4F91-8CCC-18BCCC9050B5}.Debug|Any CPU.Build.0 = Debug|Any CPU
		{97AFF1AB-19F3-4F91-8CCC-18BCCC9050B5}.Release|Any CPU.ActiveCfg = Release|Any CPU
		{97AFF1AB-19F3-4F91-8CCC-18BCCC9050B5}.Release|Any CPU.Build.0 = Release|Any CPU
		{2AA3F38D-92E5-4045-A7FB-80706362BBD2}.Debug|Any CPU.ActiveCfg = Debug|Any CPU
		{2AA3F38D-92E5-4045-A7FB-80706362BBD2}.Debug|Any CPU.Build.0 = Debug|Any CPU
		{2AA3F38D-92E5-4045-A7FB-80706362BBD2}.Release|Any CPU.ActiveCfg = Release|Any CPU
		{2AA3F38D-92E5-4045-A7FB-80706362BBD2}.Release|Any CPU.Build.0 = Release|Any CPU
		{8756C95C-AAF6-4DEF-A660-7177F3D3D57C}.Debug|Any CPU.ActiveCfg = Debug|Any CPU
		{8756C95C-AAF6-4DEF-A660-7177F3D3D57C}.Debug|Any CPU.Build.0 = Debug|Any CPU
		{8756C95C-AAF6-4DEF-A660-7177F3D3D57C}.Release|Any CPU.ActiveCfg = Release|Any CPU
		{8756C95C-AAF6-4DEF-A660-7177F3D3D57C}.Release|Any CPU.Build.0 = Release|Any CPU
	EndGlobalSection
	GlobalSection(SolutionProperties) = preSolution
		HideSolutionNode = FALSE
	EndGlobalSection
	GlobalSection(ExtensibilityGlobals) = postSolution
		SolutionGuid = {08999C4F-FD9C-4B3F-87C9-8810349CF25B}
	EndGlobalSection
EndGlobal
